
Microsoft Visual Studio Solution File, Format Version 12.00
# Visual Studio Version 17
VisualStudioVersion = 17.8.34330.188
MinimumVisualStudioVersion = 10.0.40219.1
Project("{9A19103F-16F7-4668-BE54-9A1E7A4F7556}") = "API", "API\API.csproj", "{09E5759D-54A1-4CF4-AD65-586ECB64DC59}"
EndProject
Project("{9A19103F-16F7-4668-BE54-9A1E7A4F7556}") = "Data", "Data\Data.csproj", "{1AB5B307-74DF-481F-94D6-263B5BC8ACC6}"
EndProject
Project("{9A19103F-16F7-4668-BE54-9A1E7A4F7556}") = "Models", "Models\Models.csproj", "{5E4DA5A4-DC0D-4755-B48F-5EC2BCE4C60B}"
EndProject
Project("{FAE04EC0-301F-11D3-BF4B-00C04F79EFBC}") = "Utilidades", "Utilidades\Utilidades.csproj", "{08F67623-7B7A-4622-BC19-AB8AE0067C9A}"
EndProject
Project("{FAE04EC0-301F-11D3-BF4B-00C04F79EFBC}") = "BLL", "BLL\BLL.csproj", "{D2813EAA-F24F-4166-A216-2A1CC0C7C343}"
EndProject
Global
	GlobalSection(SolutionConfigurationPlatforms) = preSolution
		Debug|Any CPU = Debug|Any CPU
		Release|Any CPU = Release|Any CPU
	EndGlobalSection
	GlobalSection(ProjectConfigurationPlatforms) = postSolution
		{09E5759D-54A1-4CF4-AD65-586ECB64DC59}.Debug|Any CPU.ActiveCfg = Debug|Any CPU
		{09E5759D-54A1-4CF4-AD65-586ECB64DC59}.Debug|Any CPU.Build.0 = Debug|Any CPU
		{09E5759D-54A1-4CF4-AD65-586ECB64DC59}.Release|Any CPU.ActiveCfg = Release|Any CPU
		{09E5759D-54A1-4CF4-AD65-586ECB64DC59}.Release|Any CPU.Build.0 = Release|Any CPU
		{1AB5B307-74DF-481F-94D6-263B5BC8ACC6}.Debug|Any CPU.ActiveCfg = Debug|Any CPU
		{1AB5B307-74DF-481F-94D6-263B5BC8ACC6}.Debug|Any CPU.Build.0 = Debug|Any CPU
		{1AB5B307-74DF-481F-94D6-263B5BC8ACC6}.Release|Any CPU.ActiveCfg = Release|Any CPU
		{1AB5B307-74DF-481F-94D6-263B5BC8ACC6}.Release|Any CPU.Build.0 = Release|Any CPU
		{5E4DA5A4-DC0D-4755-B48F-5EC2BCE4C60B}.Debug|Any CPU.ActiveCfg = Debug|Any CPU
		{5E4DA5A4-DC0D-4755-B48F-5EC2BCE4C60B}.Debug|Any CPU.Build.0 = Debug|Any CPU
		{5E4DA5A4-DC0D-4755-B48F-5EC2BCE4C60B}.Release|Any CPU.ActiveCfg = Release|Any CPU
		{5E4DA5A4-DC0D-4755-B48F-5EC2BCE4C60B}.Release|Any CPU.Build.0 = Release|Any CPU
		{08F67623-7B7A-4622-BC19-AB8AE0067C9A}.Debug|Any CPU.ActiveCfg = Debug|Any CPU
		{08F67623-7B7A-4622-BC19-AB8AE0067C9A}.Debug|Any CPU.Build.0 = Debug|Any CPU
		{08F67623-7B7A-4622-BC19-AB8AE0067C9A}.Release|Any CPU.ActiveCfg = Release|Any CPU
		{08F67623-7B7A-4622-BC19-AB8AE0067C9A}.Release|Any CPU.Build.0 = Release|Any CPU
		{D2813EAA-F24F-4166-A216-2A1CC0C7C343}.Debug|Any CPU.ActiveCfg = Debug|Any CPU
		{D2813EAA-F24F-4166-A216-2A1CC0C7C343}.Debug|Any CPU.Build.0 = Debug|Any CPU
		{D2813EAA-F24F-4166-A216-2A1CC0C7C343}.Release|Any CPU.ActiveCfg = Release|Any CPU
		{D2813EAA-F24F-4166-A216-2A1CC0C7C343}.Release|Any CPU.Build.0 = Release|Any CPU
	EndGlobalSection
	GlobalSection(SolutionProperties) = preSolution
		HideSolutionNode = FALSE
	EndGlobalSection
	GlobalSection(ExtensibilityGlobals) = postSolution
		SolutionGuid = {A5F747DD-7F28-4E9D-B6D0-61C44CBFB003}
	EndGlobalSection
EndGlobal
